
Microsoft Visual Studio Solution File, Format Version 12.00
# Visual Studio Version 17
VisualStudioVersion = 17.4.33213.308
MinimumVisualStudioVersion = 10.0.40219.1
Project("{9A19103F-16F7-4668-BE54-9A1E7A4F7556}") = "Learning Site", "Learning Site.csproj", "{B29794A1-9D42-45B6-9550-22342B57C456}"
EndProject
Global
	GlobalSection(SolutionConfigurationPlatforms) = preSolution
		Debug|Any CPU = Debug|Any CPU
		Release|Any CPU = Release|Any CPU
	EndGlobalSection
	GlobalSection(ProjectConfigurationPlatforms) = postSolution
		{B29794A1-9D42-45B6-9550-22342B57C456}.Debug|Any CPU.ActiveCfg = Debug|Any CPU
		{B29794A1-9D42-45B6-9550-22342B57C456}.Debug|Any CPU.Build.0 = Debug|Any CPU
		{B29794A1-9D42-45B6-9550-22342B57C456}.Release|Any CPU.ActiveCfg = Release|Any CPU
		{B29794A1-9D42-45B6-9550-22342B57C456}.Release|Any CPU.Build.0 = Release|Any CPU
	EndGlobalSection
	GlobalSection(SolutionProperties) = preSolution
		HideSolutionNode = FALSE
	EndGlobalSection
	GlobalSection(ExtensibilityGlobals) = postSolution
		SolutionGuid = {6BD416EF-F9B8-404C-967A-F55034B6EF14}
	EndGlobalSection
EndGlobal
